
Microsoft Visual Studio Solution File, Format Version 12.00
# Visual Studio Version 16
VisualStudioVersion = 16.0.29306.81
MinimumVisualStudioVersion = 10.0.40219.1
Project("{D954291E-2A0B-460D-934E-DC6B0785DB48}") = "UnoWebApiSwagger.Shared", "UnoWebApiSwagger\UnoWebApiSwagger.Shared\UnoWebApiSwagger.Shared.shproj", "{6279C845-92F8-4333-AB99-3D213163593C}"
EndProject
Project("{FAE04EC0-301F-11D3-BF4B-00C04F79EFBC}") = "UnoWebApiSwagger.Droid", "UnoWebApiSwagger\UnoWebApiSwagger.Droid\UnoWebApiSwagger.Droid.csproj", "{43DDC7C4-A7CC-41AB-B788-94FCFF50CB8F}"
EndProject
Project("{FAE04EC0-301F-11D3-BF4B-00C04F79EFBC}") = "UnoWebApiSwagger.iOS", "UnoWebApiSwagger\UnoWebApiSwagger.iOS\UnoWebApiSwagger.iOS.csproj", "{7C7CBC78-AFFE-43E7-AD45-66A036B6D004}"
EndProject
Project("{FAE04EC0-301F-11D3-BF4B-00C04F79EFBC}") = "UnoWebApiSwagger.UWP", "UnoWebApiSwagger\UnoWebApiSwagger.UWP\UnoWebApiSwagger.UWP.csproj", "{E6CA5635-A55B-4B56-B412-ED2CD3F9457E}"
EndProject
Project("{9A19103F-16F7-4668-BE54-9A1E7A4F7556}") = "UnoWebApiSwagger.Wasm", "UnoWebApiSwagger\UnoWebApiSwagger.Wasm\UnoWebApiSwagger.Wasm.csproj", "{3D9811E5-3022-43B5-84AC-5D328E25EBA4}"
EndProject
Project("{9A19103F-16F7-4668-BE54-9A1E7A4F7556}") = "UnoWebApiSwagger.WebApi", "UnoWebApiSwagger.WebApi\UnoWebApiSwagger.WebApi.csproj", "{8435BCDF-165A-479C-84A5-947E393F1579}"
EndProject
Project("{9A19103F-16F7-4668-BE54-9A1E7A4F7556}") = "UnoWebApiSwagger.WebApiClient", "UnoWebApiSwagger.WebApiClient\UnoWebApiSwagger.WebApiClient.csproj", "{6D21D4A3-A8FA-4B15-BA48-7F682A2384CD}"
	ProjectSection(ProjectDependencies) = postProject
		{8435BCDF-165A-479C-84A5-947E393F1579} = {8435BCDF-165A-479C-84A5-947E393F1579}
	EndProjectSection
EndProject
Project("{9A19103F-16F7-4668-BE54-9A1E7A4F7556}") = "UnoWebApiSwagger.ViewModels", "UnoWebApiSwagger.ViewModels\UnoWebApiSwagger.ViewModels.csproj", "{502A7CED-A210-467A-8642-52538C0EE787}"
EndProject
Project("{9A19103F-16F7-4668-BE54-9A1E7A4F7556}") = "UnoWebApiSwagger.ClientContracts", "UnoWebApiSwagger.ClientContracts\UnoWebApiSwagger.ClientContracts.csproj", "{7D532C2D-0405-4283-8D6A-CD845E932986}"
EndProject
Project("{2150E333-8FDC-42A3-9474-1A3956D46DE8}") = "Solution Items", "Solution Items", "{78BC2194-4800-4277-A942-7FE621C5A48A}"
	ProjectSection(SolutionItems) = preProject
		..\README.md = ..\README.md
	EndProjectSection
EndProject
Global
	GlobalSection(SharedMSBuildProjectFiles) = preSolution
		UnoWebApiSwagger\UnoWebApiSwagger.Shared\UnoWebApiSwagger.Shared.projitems*{43ddc7c4-a7cc-41ab-b788-94fcff50cb8f}*SharedItemsImports = 4
		UnoWebApiSwagger\UnoWebApiSwagger.Shared\UnoWebApiSwagger.Shared.projitems*{6279c845-92f8-4333-ab99-3d213163593c}*SharedItemsImports = 13
		UnoWebApiSwagger\UnoWebApiSwagger.Shared\UnoWebApiSwagger.Shared.projitems*{7c7cbc78-affe-43e7-ad45-66a036b6d004}*SharedItemsImports = 4
		UnoWebApiSwagger\UnoWebApiSwagger.Shared\UnoWebApiSwagger.Shared.projitems*{e6ca5635-a55b-4b56-b412-ed2cd3f9457e}*SharedItemsImports = 4
	EndGlobalSection
	GlobalSection(SolutionConfigurationPlatforms) = preSolution
		Ad-Hoc|Any CPU = Ad-Hoc|Any CPU
		Ad-Hoc|ARM = Ad-Hoc|ARM
		Ad-Hoc|iPhone = Ad-Hoc|iPhone
		Ad-Hoc|iPhoneSimulator = Ad-Hoc|iPhoneSimulator
		Ad-Hoc|x64 = Ad-Hoc|x64
		Ad-Hoc|x86 = Ad-Hoc|x86
		AppStore|Any CPU = AppStore|Any CPU
		AppStore|ARM = AppStore|ARM
		AppStore|iPhone = AppStore|iPhone
		AppStore|iPhoneSimulator = AppStore|iPhoneSimulator
		AppStore|x64 = AppStore|x64
		AppStore|x86 = AppStore|x86
		Debug|Any CPU = Debug|Any CPU
		Debug|ARM = Debug|ARM
		Debug|iPhone = Debug|iPhone
		Debug|iPhoneSimulator = Debug|iPhoneSimulator
		Debug|x64 = Debug|x64
		Debug|x86 = Debug|x86
		Release|Any CPU = Release|Any CPU
		Release|ARM = Release|ARM
		Release|iPhone = Release|iPhone
		Release|iPhoneSimulator = Release|iPhoneSimulator
		Release|x64 = Release|x64
		Release|x86 = Release|x86
	EndGlobalSection
	GlobalSection(ProjectConfigurationPlatforms) = postSolution
		{43DDC7C4-A7CC-41AB-B788-94FCFF50CB8F}.Ad-Hoc|Any CPU.ActiveCfg = Release|Any CPU
		{43DDC7C4-A7CC-41AB-B788-94FCFF50CB8F}.Ad-Hoc|Any CPU.Build.0 = Release|Any CPU
		{43DDC7C4-A7CC-41AB-B788-94FCFF50CB8F}.Ad-Hoc|Any CPU.Deploy.0 = Release|Any CPU
		{43DDC7C4-A7CC-41AB-B788-94FCFF50CB8F}.Ad-Hoc|ARM.ActiveCfg = Release|Any CPU
		{43DDC7C4-A7CC-41AB-B788-94FCFF50CB8F}.Ad-Hoc|ARM.Build.0 = Release|Any CPU
		{43DDC7C4-A7CC-41AB-B788-94FCFF50CB8F}.Ad-Hoc|ARM.Deploy.0 = Release|Any CPU
		{43DDC7C4-A7CC-41AB-B788-94FCFF50CB8F}.Ad-Hoc|iPhone.ActiveCfg = Release|Any CPU
		{43DDC7C4-A7CC-41AB-B788-94FCFF50CB8F}.Ad-Hoc|iPhone.Build.0 = Release|Any CPU
		{43DDC7C4-A7CC-41AB-B788-94FCFF50CB8F}.Ad-Hoc|iPhone.Deploy.0 = Release|Any CPU
		{43DDC7C4-A7CC-41AB-B788-94FCFF50CB8F}.Ad-Hoc|iPhoneSimulator.ActiveCfg = Release|Any CPU
		{43DDC7C4-A7CC-41AB-B788-94FCFF50CB8F}.Ad-Hoc|iPhoneSimulator.Build.0 = Release|Any CPU
		{43DDC7C4-A7CC-41AB-B788-94FCFF50CB8F}.Ad-Hoc|iPhoneSimulator.Deploy.0 = Release|Any CPU
		{43DDC7C4-A7CC-41AB-B788-94FCFF50CB8F}.Ad-Hoc|x64.ActiveCfg = Release|Any CPU
		{43DDC7C4-A7CC-41AB-B788-94FCFF50CB8F}.Ad-Hoc|x64.Build.0 = Release|Any CPU
		{43DDC7C4-A7CC-41AB-B788-94FCFF50CB8F}.Ad-Hoc|x64.Deploy.0 = Release|Any CPU
		{43DDC7C4-A7CC-41AB-B788-94FCFF50CB8F}.Ad-Hoc|x86.ActiveCfg = Release|Any CPU
		{43DDC7C4-A7CC-41AB-B788-94FCFF50CB8F}.Ad-Hoc|x86.Build.0 = Release|Any CPU
		{43DDC7C4-A7CC-41AB-B788-94FCFF50CB8F}.Ad-Hoc|x86.Deploy.0 = Release|Any CPU
		{43DDC7C4-A7CC-41AB-B788-94FCFF50CB8F}.AppStore|Any CPU.ActiveCfg = Release|Any CPU
		{43DDC7C4-A7CC-41AB-B788-94FCFF50CB8F}.AppStore|Any CPU.Build.0 = Release|Any CPU
		{43DDC7C4-A7CC-41AB-B788-94FCFF50CB8F}.AppStore|Any CPU.Deploy.0 = Release|Any CPU
		{43DDC7C4-A7CC-41AB-B788-94FCFF50CB8F}.AppStore|ARM.ActiveCfg = Release|Any CPU
		{43DDC7C4-A7CC-41AB-B788-94FCFF50CB8F}.AppStore|ARM.Build.0 = Release|Any CPU
		{43DDC7C4-A7CC-41AB-B788-94FCFF50CB8F}.AppStore|ARM.Deploy.0 = Release|Any CPU
		{43DDC7C4-A7CC-41AB-B788-94FCFF50CB8F}.AppStore|iPhone.ActiveCfg = Release|Any CPU
		{43DDC7C4-A7CC-41AB-B788-94FCFF50CB8F}.AppStore|iPhone.Build.0 = Release|Any CPU
		{43DDC7C4-A7CC-41AB-B788-94FCFF50CB8F}.AppStore|iPhone.Deploy.0 = Release|Any CPU
		{43DDC7C4-A7CC-41AB-B788-94FCFF50CB8F}.AppStore|iPhoneSimulator.ActiveCfg = Release|Any CPU
		{43DDC7C4-A7CC-41AB-B788-94FCFF50CB8F}.AppStore|iPhoneSimulator.Build.0 = Release|Any CPU
		{43DDC7C4-A7CC-41AB-B788-94FCFF50CB8F}.AppStore|iPhoneSimulator.Deploy.0 = Release|Any CPU
		{43DDC7C4-A7CC-41AB-B788-94FCFF50CB8F}.AppStore|x64.ActiveCfg = Release|Any CPU
		{43DDC7C4-A7CC-41AB-B788-94FCFF50CB8F}.AppStore|x64.Build.0 = Release|Any CPU
		{43DDC7C4-A7CC-41AB-B788-94FCFF50CB8F}.AppStore|x64.Deploy.0 = Release|Any CPU
		{43DDC7C4-A7CC-41AB-B788-94FCFF50CB8F}.AppStore|x86.ActiveCfg = Release|Any CPU
		{43DDC7C4-A7CC-41AB-B788-94FCFF50CB8F}.AppStore|x86.Build.0 = Release|Any CPU
		{43DDC7C4-A7CC-41AB-B788-94FCFF50CB8F}.AppStore|x86.Deploy.0 = Release|Any CPU
		{43DDC7C4-A7CC-41AB-B788-94FCFF50CB8F}.Debug|Any CPU.ActiveCfg = Debug|Any CPU
		{43DDC7C4-A7CC-41AB-B788-94FCFF50CB8F}.Debug|Any CPU.Build.0 = Debug|Any CPU
		{43DDC7C4-A7CC-41AB-B788-94FCFF50CB8F}.Debug|Any CPU.Deploy.0 = Debug|Any CPU
		{43DDC7C4-A7CC-41AB-B788-94FCFF50CB8F}.Debug|ARM.ActiveCfg = Debug|Any CPU
		{43DDC7C4-A7CC-41AB-B788-94FCFF50CB8F}.Debug|ARM.Build.0 = Debug|Any CPU
		{43DDC7C4-A7CC-41AB-B788-94FCFF50CB8F}.Debug|ARM.Deploy.0 = Debug|Any CPU
		{43DDC7C4-A7CC-41AB-B788-94FCFF50CB8F}.Debug|iPhone.ActiveCfg = Debug|Any CPU
		{43DDC7C4-A7CC-41AB-B788-94FCFF50CB8F}.Debug|iPhone.Build.0 = Debug|Any CPU
		{43DDC7C4-A7CC-41AB-B788-94FCFF50CB8F}.Debug|iPhone.Deploy.0 = Debug|Any CPU
		{43DDC7C4-A7CC-41AB-B788-94FCFF50CB8F}.Debug|iPhoneSimulator.ActiveCfg = Debug|Any CPU
		{43DDC7C4-A7CC-41AB-B788-94FCFF50CB8F}.Debug|iPhoneSimulator.Build.0 = Debug|Any CPU
		{43DDC7C4-A7CC-41AB-B788-94FCFF50CB8F}.Debug|iPhoneSimulator.Deploy.0 = Debug|Any CPU
		{43DDC7C4-A7CC-41AB-B788-94FCFF50CB8F}.Debug|x64.ActiveCfg = Debug|Any CPU
		{43DDC7C4-A7CC-41AB-B788-94FCFF50CB8F}.Debug|x64.Build.0 = Debug|Any CPU
		{43DDC7C4-A7CC-41AB-B788-94FCFF50CB8F}.Debug|x64.Deploy.0 = Debug|Any CPU
		{43DDC7C4-A7CC-41AB-B788-94FCFF50CB8F}.Debug|x86.ActiveCfg = Debug|Any CPU
		{43DDC7C4-A7CC-41AB-B788-94FCFF50CB8F}.Debug|x86.Build.0 = Debug|Any CPU
		{43DDC7C4-A7CC-41AB-B788-94FCFF50CB8F}.Debug|x86.Deploy.0 = Debug|Any CPU
		{43DDC7C4-A7CC-41AB-B788-94FCFF50CB8F}.Release|Any CPU.ActiveCfg = Release|Any CPU
		{43DDC7C4-A7CC-41AB-B788-94FCFF50CB8F}.Release|Any CPU.Build.0 = Release|Any CPU
		{43DDC7C4-A7CC-41AB-B788-94FCFF50CB8F}.Release|Any CPU.Deploy.0 = Release|Any CPU
		{43DDC7C4-A7CC-41AB-B788-94FCFF50CB8F}.Release|ARM.ActiveCfg = Release|Any CPU
		{43DDC7C4-A7CC-41AB-B788-94FCFF50CB8F}.Release|ARM.Build.0 = Release|Any CPU
		{43DDC7C4-A7CC-41AB-B788-94FCFF50CB8F}.Release|ARM.Deploy.0 = Release|Any CPU
		{43DDC7C4-A7CC-41AB-B788-94FCFF50CB8F}.Release|iPhone.ActiveCfg = Release|Any CPU
		{43DDC7C4-A7CC-41AB-B788-94FCFF50CB8F}.Release|iPhone.Build.0 = Release|Any CPU
		{43DDC7C4-A7CC-41AB-B788-94FCFF50CB8F}.Release|iPhone.Deploy.0 = Release|Any CPU
		{43DDC7C4-A7CC-41AB-B788-94FCFF50CB8F}.Release|iPhoneSimulator.ActiveCfg = Release|Any CPU
		{43DDC7C4-A7CC-41AB-B788-94FCFF50CB8F}.Release|iPhoneSimulator.Build.0 = Release|Any CPU
		{43DDC7C4-A7CC-41AB-B788-94FCFF50CB8F}.Release|iPhoneSimulator.Deploy.0 = Release|Any CPU
		{43DDC7C4-A7CC-41AB-B788-94FCFF50CB8F}.Release|x64.ActiveCfg = Release|Any CPU
		{43DDC7C4-A7CC-41AB-B788-94FCFF50CB8F}.Release|x64.Build.0 = Release|Any CPU
		{43DDC7C4-A7CC-41AB-B788-94FCFF50CB8F}.Release|x64.Deploy.0 = Release|Any CPU
		{43DDC7C4-A7CC-41AB-B788-94FCFF50CB8F}.Release|x86.ActiveCfg = Release|Any CPU
		{43DDC7C4-A7CC-41AB-B788-94FCFF50CB8F}.Release|x86.Build.0 = Release|Any CPU
		{43DDC7C4-A7CC-41AB-B788-94FCFF50CB8F}.Release|x86.Deploy.0 = Release|Any CPU
		{7C7CBC78-AFFE-43E7-AD45-66A036B6D004}.Ad-Hoc|Any CPU.ActiveCfg = Ad-Hoc|iPhone
		{7C7CBC78-AFFE-43E7-AD45-66A036B6D004}.Ad-Hoc|ARM.ActiveCfg = Ad-Hoc|iPhone
		{7C7CBC78-AFFE-43E7-AD45-66A036B6D004}.Ad-Hoc|iPhone.ActiveCfg = Ad-Hoc|iPhone
		{7C7CBC78-AFFE-43E7-AD45-66A036B6D004}.Ad-Hoc|iPhone.Build.0 = Ad-Hoc|iPhone
		{7C7CBC78-AFFE-43E7-AD45-66A036B6D004}.Ad-Hoc|iPhoneSimulator.ActiveCfg = Ad-Hoc|iPhoneSimulator
		{7C7CBC78-AFFE-43E7-AD45-66A036B6D004}.Ad-Hoc|iPhoneSimulator.Build.0 = Ad-Hoc|iPhoneSimulator
		{7C7CBC78-AFFE-43E7-AD45-66A036B6D004}.Ad-Hoc|x64.ActiveCfg = Ad-Hoc|iPhone
		{7C7CBC78-AFFE-43E7-AD45-66A036B6D004}.Ad-Hoc|x86.ActiveCfg = Ad-Hoc|iPhone
		{7C7CBC78-AFFE-43E7-AD45-66A036B6D004}.AppStore|Any CPU.ActiveCfg = AppStore|iPhone
		{7C7CBC78-AFFE-43E7-AD45-66A036B6D004}.AppStore|ARM.ActiveCfg = AppStore|iPhone
		{7C7CBC78-AFFE-43E7-AD45-66A036B6D004}.AppStore|iPhone.ActiveCfg = AppStore|iPhone
		{7C7CBC78-AFFE-43E7-AD45-66A036B6D004}.AppStore|iPhone.Build.0 = AppStore|iPhone
		{7C7CBC78-AFFE-43E7-AD45-66A036B6D004}.AppStore|iPhoneSimulator.ActiveCfg = AppStore|iPhoneSimulator
		{7C7CBC78-AFFE-43E7-AD45-66A036B6D004}.AppStore|iPhoneSimulator.Build.0 = AppStore|iPhoneSimulator
		{7C7CBC78-AFFE-43E7-AD45-66A036B6D004}.AppStore|x64.ActiveCfg = AppStore|iPhone
		{7C7CBC78-AFFE-43E7-AD45-66A036B6D004}.AppStore|x86.ActiveCfg = AppStore|iPhone
		{7C7CBC78-AFFE-43E7-AD45-66A036B6D004}.Debug|Any CPU.ActiveCfg = Debug|iPhone
		{7C7CBC78-AFFE-43E7-AD45-66A036B6D004}.Debug|ARM.ActiveCfg = Debug|iPhone
		{7C7CBC78-AFFE-43E7-AD45-66A036B6D004}.Debug|iPhone.ActiveCfg = Debug|iPhone
		{7C7CBC78-AFFE-43E7-AD45-66A036B6D004}.Debug|iPhone.Build.0 = Debug|iPhone
		{7C7CBC78-AFFE-43E7-AD45-66A036B6D004}.Debug|iPhoneSimulator.ActiveCfg = Debug|iPhoneSimulator
		{7C7CBC78-AFFE-43E7-AD45-66A036B6D004}.Debug|iPhoneSimulator.Build.0 = Debug|iPhoneSimulator
		{7C7CBC78-AFFE-43E7-AD45-66A036B6D004}.Debug|x64.ActiveCfg = Debug|iPhone
		{7C7CBC78-AFFE-43E7-AD45-66A036B6D004}.Debug|x86.ActiveCfg = Debug|iPhone
		{7C7CBC78-AFFE-43E7-AD45-66A036B6D004}.Release|Any CPU.ActiveCfg = Release|iPhone
		{7C7CBC78-AFFE-43E7-AD45-66A036B6D004}.Release|ARM.ActiveCfg = Release|iPhone
		{7C7CBC78-AFFE-43E7-AD45-66A036B6D004}.Release|iPhone.ActiveCfg = Release|iPhone
		{7C7CBC78-AFFE-43E7-AD45-66A036B6D004}.Release|iPhone.Build.0 = Release|iPhone
		{7C7CBC78-AFFE-43E7-AD45-66A036B6D004}.Release|iPhoneSimulator.ActiveCfg = Release|iPhoneSimulator
		{7C7CBC78-AFFE-43E7-AD45-66A036B6D004}.Release|iPhoneSimulator.Build.0 = Release|iPhoneSimulator
		{7C7CBC78-AFFE-43E7-AD45-66A036B6D004}.Release|x64.ActiveCfg = Release|iPhone
		{7C7CBC78-AFFE-43E7-AD45-66A036B6D004}.Release|x86.ActiveCfg = Release|iPhone
		{E6CA5635-A55B-4B56-B412-ED2CD3F9457E}.Ad-Hoc|Any CPU.ActiveCfg = Release|x64
		{E6CA5635-A55B-4B56-B412-ED2CD3F9457E}.Ad-Hoc|Any CPU.Build.0 = Release|x64
		{E6CA5635-A55B-4B56-B412-ED2CD3F9457E}.Ad-Hoc|Any CPU.Deploy.0 = Release|x64
		{E6CA5635-A55B-4B56-B412-ED2CD3F9457E}.Ad-Hoc|ARM.ActiveCfg = Release|ARM
		{E6CA5635-A55B-4B56-B412-ED2CD3F9457E}.Ad-Hoc|ARM.Build.0 = Release|ARM
		{E6CA5635-A55B-4B56-B412-ED2CD3F9457E}.Ad-Hoc|ARM.Deploy.0 = Release|ARM
		{E6CA5635-A55B-4B56-B412-ED2CD3F9457E}.Ad-Hoc|iPhone.ActiveCfg = Release|x64
		{E6CA5635-A55B-4B56-B412-ED2CD3F9457E}.Ad-Hoc|iPhone.Build.0 = Release|x64
		{E6CA5635-A55B-4B56-B412-ED2CD3F9457E}.Ad-Hoc|iPhone.Deploy.0 = Release|x64
		{E6CA5635-A55B-4B56-B412-ED2CD3F9457E}.Ad-Hoc|iPhoneSimulator.ActiveCfg = Release|x64
		{E6CA5635-A55B-4B56-B412-ED2CD3F9457E}.Ad-Hoc|iPhoneSimulator.Build.0 = Release|x64
		{E6CA5635-A55B-4B56-B412-ED2CD3F9457E}.Ad-Hoc|iPhoneSimulator.Deploy.0 = Release|x64
		{E6CA5635-A55B-4B56-B412-ED2CD3F9457E}.Ad-Hoc|x64.ActiveCfg = Release|x64
		{E6CA5635-A55B-4B56-B412-ED2CD3F9457E}.Ad-Hoc|x64.Build.0 = Release|x64
		{E6CA5635-A55B-4B56-B412-ED2CD3F9457E}.Ad-Hoc|x64.Deploy.0 = Release|x64
		{E6CA5635-A55B-4B56-B412-ED2CD3F9457E}.Ad-Hoc|x86.ActiveCfg = Release|x86
		{E6CA5635-A55B-4B56-B412-ED2CD3F9457E}.Ad-Hoc|x86.Build.0 = Release|x86
		{E6CA5635-A55B-4B56-B412-ED2CD3F9457E}.Ad-Hoc|x86.Deploy.0 = Release|x86
		{E6CA5635-A55B-4B56-B412-ED2CD3F9457E}.AppStore|Any CPU.ActiveCfg = Release|x64
		{E6CA5635-A55B-4B56-B412-ED2CD3F9457E}.AppStore|Any CPU.Build.0 = Release|x64
		{E6CA5635-A55B-4B56-B412-ED2CD3F9457E}.AppStore|Any CPU.Deploy.0 = Release|x64
		{E6CA5635-A55B-4B56-B412-ED2CD3F9457E}.AppStore|ARM.ActiveCfg = Release|ARM
		{E6CA5635-A55B-4B56-B412-ED2CD3F9457E}.AppStore|ARM.Build.0 = Release|ARM
		{E6CA5635-A55B-4B56-B412-ED2CD3F9457E}.AppStore|ARM.Deploy.0 = Release|ARM
		{E6CA5635-A55B-4B56-B412-ED2CD3F9457E}.AppStore|iPhone.ActiveCfg = Release|x64
		{E6CA5635-A55B-4B56-B412-ED2CD3F9457E}.AppStore|iPhone.Build.0 = Release|x64
		{E6CA5635-A55B-4B56-B412-ED2CD3F9457E}.AppStore|iPhone.Deploy.0 = Release|x64
		{E6CA5635-A55B-4B56-B412-ED2CD3F9457E}.AppStore|iPhoneSimulator.ActiveCfg = Release|x64
		{E6CA5635-A55B-4B56-B412-ED2CD3F9457E}.AppStore|iPhoneSimulator.Build.0 = Release|x64
		{E6CA5635-A55B-4B56-B412-ED2CD3F9457E}.AppStore|iPhoneSimulator.Deploy.0 = Release|x64
		{E6CA5635-A55B-4B56-B412-ED2CD3F9457E}.AppStore|x64.ActiveCfg = Release|x64
		{E6CA5635-A55B-4B56-B412-ED2CD3F9457E}.AppStore|x64.Build.0 = Release|x64
		{E6CA5635-A55B-4B56-B412-ED2CD3F9457E}.AppStore|x64.Deploy.0 = Release|x64
		{E6CA5635-A55B-4B56-B412-ED2CD3F9457E}.AppStore|x86.ActiveCfg = Release|x86
		{E6CA5635-A55B-4B56-B412-ED2CD3F9457E}.AppStore|x86.Build.0 = Release|x86
		{E6CA5635-A55B-4B56-B412-ED2CD3F9457E}.AppStore|x86.Deploy.0 = Release|x86
		{E6CA5635-A55B-4B56-B412-ED2CD3F9457E}.Debug|Any CPU.ActiveCfg = Debug|x86
		{E6CA5635-A55B-4B56-B412-ED2CD3F9457E}.Debug|ARM.ActiveCfg = Debug|ARM
		{E6CA5635-A55B-4B56-B412-ED2CD3F9457E}.Debug|ARM.Build.0 = Debug|ARM
		{E6CA5635-A55B-4B56-B412-ED2CD3F9457E}.Debug|ARM.Deploy.0 = Debug|ARM
		{E6CA5635-A55B-4B56-B412-ED2CD3F9457E}.Debug|iPhone.ActiveCfg = Debug|x86
		{E6CA5635-A55B-4B56-B412-ED2CD3F9457E}.Debug|iPhoneSimulator.ActiveCfg = Debug|x86
		{E6CA5635-A55B-4B56-B412-ED2CD3F9457E}.Debug|x64.ActiveCfg = Debug|x64
		{E6CA5635-A55B-4B56-B412-ED2CD3F9457E}.Debug|x64.Build.0 = Debug|x64
		{E6CA5635-A55B-4B56-B412-ED2CD3F9457E}.Debug|x64.Deploy.0 = Debug|x64
		{E6CA5635-A55B-4B56-B412-ED2CD3F9457E}.Debug|x86.ActiveCfg = Debug|x86
		{E6CA5635-A55B-4B56-B412-ED2CD3F9457E}.Debug|x86.Build.0 = Debug|x86
		{E6CA5635-A55B-4B56-B412-ED2CD3F9457E}.Debug|x86.Deploy.0 = Debug|x86
		{E6CA5635-A55B-4B56-B412-ED2CD3F9457E}.Release|Any CPU.ActiveCfg = Release|x86
		{E6CA5635-A55B-4B56-B412-ED2CD3F9457E}.Release|ARM.ActiveCfg = Release|ARM
		{E6CA5635-A55B-4B56-B412-ED2CD3F9457E}.Release|ARM.Build.0 = Release|ARM
		{E6CA5635-A55B-4B56-B412-ED2CD3F9457E}.Release|ARM.Deploy.0 = Release|ARM
		{E6CA5635-A55B-4B56-B412-ED2CD3F9457E}.Release|iPhone.ActiveCfg = Release|x86
		{E6CA5635-A55B-4B56-B412-ED2CD3F9457E}.Release|iPhoneSimulator.ActiveCfg = Release|x86
		{E6CA5635-A55B-4B56-B412-ED2CD3F9457E}.Release|x64.ActiveCfg = Release|x64
		{E6CA5635-A55B-4B56-B412-ED2CD3F9457E}.Release|x64.Build.0 = Release|x64
		{E6CA5635-A55B-4B56-B412-ED2CD3F9457E}.Release|x64.Deploy.0 = Release|x64
		{E6CA5635-A55B-4B56-B412-ED2CD3F9457E}.Release|x86.ActiveCfg = Release|x86
		{E6CA5635-A55B-4B56-B412-ED2CD3F9457E}.Release|x86.Build.0 = Release|x86
		{E6CA5635-A55B-4B56-B412-ED2CD3F9457E}.Release|x86.Deploy.0 = Release|x86
		{3D9811E5-3022-43B5-84AC-5D328E25EBA4}.Ad-Hoc|Any CPU.ActiveCfg = Debug|Any CPU
		{3D9811E5-3022-43B5-84AC-5D328E25EBA4}.Ad-Hoc|Any CPU.Build.0 = Debug|Any CPU
		{3D9811E5-3022-43B5-84AC-5D328E25EBA4}.Ad-Hoc|ARM.ActiveCfg = Debug|Any CPU
		{3D9811E5-3022-43B5-84AC-5D328E25EBA4}.Ad-Hoc|ARM.Build.0 = Debug|Any CPU
		{3D9811E5-3022-43B5-84AC-5D328E25EBA4}.Ad-Hoc|iPhone.ActiveCfg = Debug|Any CPU
		{3D9811E5-3022-43B5-84AC-5D328E25EBA4}.Ad-Hoc|iPhone.Build.0 = Debug|Any CPU
		{3D9811E5-3022-43B5-84AC-5D328E25EBA4}.Ad-Hoc|iPhoneSimulator.ActiveCfg = Debug|Any CPU
		{3D9811E5-3022-43B5-84AC-5D328E25EBA4}.Ad-Hoc|iPhoneSimulator.Build.0 = Debug|Any CPU
		{3D9811E5-3022-43B5-84AC-5D328E25EBA4}.Ad-Hoc|x64.ActiveCfg = Debug|Any CPU
		{3D9811E5-3022-43B5-84AC-5D328E25EBA4}.Ad-Hoc|x64.Build.0 = Debug|Any CPU
		{3D9811E5-3022-43B5-84AC-5D328E25EBA4}.Ad-Hoc|x86.ActiveCfg = Debug|Any CPU
		{3D9811E5-3022-43B5-84AC-5D328E25EBA4}.Ad-Hoc|x86.Build.0 = Debug|Any CPU
		{3D9811E5-3022-43B5-84AC-5D328E25EBA4}.AppStore|Any CPU.ActiveCfg = Debug|Any CPU
		{3D9811E5-3022-43B5-84AC-5D328E25EBA4}.AppStore|Any CPU.Build.0 = Debug|Any CPU
		{3D9811E5-3022-43B5-84AC-5D328E25EBA4}.AppStore|ARM.ActiveCfg = Debug|Any CPU
		{3D9811E5-3022-43B5-84AC-5D328E25EBA4}.AppStore|ARM.Build.0 = Debug|Any CPU
		{3D9811E5-3022-43B5-84AC-5D328E25EBA4}.AppStore|iPhone.ActiveCfg = Debug|Any CPU
		{3D9811E5-3022-43B5-84AC-5D328E25EBA4}.AppStore|iPhone.Build.0 = Debug|Any CPU
		{3D9811E5-3022-43B5-84AC-5D328E25EBA4}.AppStore|iPhoneSimulator.ActiveCfg = Debug|Any CPU
		{3D9811E5-3022-43B5-84AC-5D328E25EBA4}.AppStore|iPhoneSimulator.Build.0 = Debug|Any CPU
		{3D9811E5-3022-43B5-84AC-5D328E25EBA4}.AppStore|x64.ActiveCfg = Debug|Any CPU
		{3D9811E5-3022-43B5-84AC-5D328E25EBA4}.AppStore|x64.Build.0 = Debug|Any CPU
		{3D9811E5-3022-43B5-84AC-5D328E25EBA4}.AppStore|x86.ActiveCfg = Debug|Any CPU
		{3D9811E5-3022-43B5-84AC-5D328E25EBA4}.AppStore|x86.Build.0 = Debug|Any CPU
		{3D9811E5-3022-43B5-84AC-5D328E25EBA4}.Debug|Any CPU.ActiveCfg = Debug|Any CPU
		{3D9811E5-3022-43B5-84AC-5D328E25EBA4}.Debug|Any CPU.Build.0 = Debug|Any CPU
		{3D9811E5-3022-43B5-84AC-5D328E25EBA4}.Debug|ARM.ActiveCfg = Debug|Any CPU
		{3D9811E5-3022-43B5-84AC-5D328E25EBA4}.Debug|ARM.Build.0 = Debug|Any CPU
		{3D9811E5-3022-43B5-84AC-5D328E25EBA4}.Debug|iPhone.ActiveCfg = Debug|Any CPU
		{3D9811E5-3022-43B5-84AC-5D328E25EBA4}.Debug|iPhone.Build.0 = Debug|Any CPU
		{3D9811E5-3022-43B5-84AC-5D328E25EBA4}.Debug|iPhoneSimulator.ActiveCfg = Debug|Any CPU
		{3D9811E5-3022-43B5-84AC-5D328E25EBA4}.Debug|iPhoneSimulator.Build.0 = Debug|Any CPU
		{3D9811E5-3022-43B5-84AC-5D328E25EBA4}.Debug|x64.ActiveCfg = Debug|Any CPU
		{3D9811E5-3022-43B5-84AC-5D328E25EBA4}.Debug|x64.Build.0 = Debug|Any CPU
		{3D9811E5-3022-43B5-84AC-5D328E25EBA4}.Debug|x86.ActiveCfg = Debug|Any CPU
		{3D9811E5-3022-43B5-84AC-5D328E25EBA4}.Debug|x86.Build.0 = Debug|Any CPU
		{3D9811E5-3022-43B5-84AC-5D328E25EBA4}.Release|Any CPU.ActiveCfg = Release|Any CPU
		{3D9811E5-3022-43B5-84AC-5D328E25EBA4}.Release|Any CPU.Build.0 = Release|Any CPU
		{3D9811E5-3022-43B5-84AC-5D328E25EBA4}.Release|ARM.ActiveCfg = Release|Any CPU
		{3D9811E5-3022-43B5-84AC-5D328E25EBA4}.Release|ARM.Build.0 = Release|Any CPU
		{3D9811E5-3022-43B5-84AC-5D328E25EBA4}.Release|iPhone.ActiveCfg = Release|Any CPU
		{3D9811E5-3022-43B5-84AC-5D328E25EBA4}.Release|iPhone.Build.0 = Release|Any CPU
		{3D9811E5-3022-43B5-84AC-5D328E25EBA4}.Release|iPhoneSimulator.ActiveCfg = Release|Any CPU
		{3D9811E5-3022-43B5-84AC-5D328E25EBA4}.Release|iPhoneSimulator.Build.0 = Release|Any CPU
		{3D9811E5-3022-43B5-84AC-5D328E25EBA4}.Release|x64.ActiveCfg = Release|Any CPU
		{3D9811E5-3022-43B5-84AC-5D328E25EBA4}.Release|x64.Build.0 = Release|Any CPU
		{3D9811E5-3022-43B5-84AC-5D328E25EBA4}.Release|x86.ActiveCfg = Release|Any CPU
		{3D9811E5-3022-43B5-84AC-5D328E25EBA4}.Release|x86.Build.0 = Release|Any CPU
		{8435BCDF-165A-479C-84A5-947E393F1579}.Ad-Hoc|Any CPU.ActiveCfg = Debug|Any CPU
		{8435BCDF-165A-479C-84A5-947E393F1579}.Ad-Hoc|Any CPU.Build.0 = Debug|Any CPU
		{8435BCDF-165A-479C-84A5-947E393F1579}.Ad-Hoc|ARM.ActiveCfg = Debug|Any CPU
		{8435BCDF-165A-479C-84A5-947E393F1579}.Ad-Hoc|ARM.Build.0 = Debug|Any CPU
		{8435BCDF-165A-479C-84A5-947E393F1579}.Ad-Hoc|iPhone.ActiveCfg = Debug|Any CPU
		{8435BCDF-165A-479C-84A5-947E393F1579}.Ad-Hoc|iPhone.Build.0 = Debug|Any CPU
		{8435BCDF-165A-479C-84A5-947E393F1579}.Ad-Hoc|iPhoneSimulator.ActiveCfg = Debug|Any CPU
		{8435BCDF-165A-479C-84A5-947E393F1579}.Ad-Hoc|iPhoneSimulator.Build.0 = Debug|Any CPU
		{8435BCDF-165A-479C-84A5-947E393F1579}.Ad-Hoc|x64.ActiveCfg = Debug|Any CPU
		{8435BCDF-165A-479C-84A5-947E393F1579}.Ad-Hoc|x64.Build.0 = Debug|Any CPU
		{8435BCDF-165A-479C-84A5-947E393F1579}.Ad-Hoc|x86.ActiveCfg = Debug|Any CPU
		{8435BCDF-165A-479C-84A5-947E393F1579}.Ad-Hoc|x86.Build.0 = Debug|Any CPU
		{8435BCDF-165A-479C-84A5-947E393F1579}.AppStore|Any CPU.ActiveCfg = Debug|Any CPU
		{8435BCDF-165A-479C-84A5-947E393F1579}.AppStore|Any CPU.Build.0 = Debug|Any CPU
		{8435BCDF-165A-479C-84A5-947E393F1579}.AppStore|ARM.ActiveCfg = Debug|Any CPU
		{8435BCDF-165A-479C-84A5-947E393F1579}.AppStore|ARM.Build.0 = Debug|Any CPU
		{8435BCDF-165A-479C-84A5-947E393F1579}.AppStore|iPhone.ActiveCfg = Debug|Any CPU
		{8435BCDF-165A-479C-84A5-947E393F1579}.AppStore|iPhone.Build.0 = Debug|Any CPU
		{8435BCDF-165A-479C-84A5-947E393F1579}.AppStore|iPhoneSimulator.ActiveCfg = Debug|Any CPU
		{8435BCDF-165A-479C-84A5-947E393F1579}.AppStore|iPhoneSimulator.Build.0 = Debug|Any CPU
		{8435BCDF-165A-479C-84A5-947E393F1579}.AppStore|x64.ActiveCfg = Debug|Any CPU
		{8435BCDF-165A-479C-84A5-947E393F1579}.AppStore|x64.Build.0 = Debug|Any CPU
		{8435BCDF-165A-479C-84A5-947E393F1579}.AppStore|x86.ActiveCfg = Debug|Any CPU
		{8435BCDF-165A-479C-84A5-947E393F1579}.AppStore|x86.Build.0 = Debug|Any CPU
		{8435BCDF-165A-479C-84A5-947E393F1579}.Debug|Any CPU.ActiveCfg = Debug|Any CPU
		{8435BCDF-165A-479C-84A5-947E393F1579}.Debug|Any CPU.Build.0 = Debug|Any CPU
		{8435BCDF-165A-479C-84A5-947E393F1579}.Debug|ARM.ActiveCfg = Debug|Any CPU
		{8435BCDF-165A-479C-84A5-947E393F1579}.Debug|ARM.Build.0 = Debug|Any CPU
		{8435BCDF-165A-479C-84A5-947E393F1579}.Debug|iPhone.ActiveCfg = Debug|Any CPU
		{8435BCDF-165A-479C-84A5-947E393F1579}.Debug|iPhone.Build.0 = Debug|Any CPU
		{8435BCDF-165A-479C-84A5-947E393F1579}.Debug|iPhoneSimulator.ActiveCfg = Debug|Any CPU
		{8435BCDF-165A-479C-84A5-947E393F1579}.Debug|iPhoneSimulator.Build.0 = Debug|Any CPU
		{8435BCDF-165A-479C-84A5-947E393F1579}.Debug|x64.ActiveCfg = Debug|Any CPU
		{8435BCDF-165A-479C-84A5-947E393F1579}.Debug|x64.Build.0 = Debug|Any CPU
		{8435BCDF-165A-479C-84A5-947E393F1579}.Debug|x86.ActiveCfg = Debug|Any CPU
		{8435BCDF-165A-479C-84A5-947E393F1579}.Debug|x86.Build.0 = Debug|Any CPU
		{8435BCDF-165A-479C-84A5-947E393F1579}.Release|Any CPU.ActiveCfg = Release|Any CPU
		{8435BCDF-165A-479C-84A5-947E393F1579}.Release|Any CPU.Build.0 = Release|Any CPU
		{8435BCDF-165A-479C-84A5-947E393F1579}.Release|ARM.ActiveCfg = Release|Any CPU
		{8435BCDF-165A-479C-84A5-947E393F1579}.Release|ARM.Build.0 = Release|Any CPU
		{8435BCDF-165A-479C-84A5-947E393F1579}.Release|iPhone.ActiveCfg = Release|Any CPU
		{8435BCDF-165A-479C-84A5-947E393F1579}.Release|iPhone.Build.0 = Release|Any CPU
		{8435BCDF-165A-479C-84A5-947E393F1579}.Release|iPhoneSimulator.ActiveCfg = Release|Any CPU
		{8435BCDF-165A-479C-84A5-947E393F1579}.Release|iPhoneSimulator.Build.0 = Release|Any CPU
		{8435BCDF-165A-479C-84A5-947E393F1579}.Release|x64.ActiveCfg = Release|Any CPU
		{8435BCDF-165A-479C-84A5-947E393F1579}.Release|x64.Build.0 = Release|Any CPU
		{8435BCDF-165A-479C-84A5-947E393F1579}.Release|x86.ActiveCfg = Release|Any CPU
		{8435BCDF-165A-479C-84A5-947E393F1579}.Release|x86.Build.0 = Release|Any CPU
		{6D21D4A3-A8FA-4B15-BA48-7F682A2384CD}.Ad-Hoc|Any CPU.ActiveCfg = Debug|Any CPU
		{6D21D4A3-A8FA-4B15-BA48-7F682A2384CD}.Ad-Hoc|Any CPU.Build.0 = Debug|Any CPU
		{6D21D4A3-A8FA-4B15-BA48-7F682A2384CD}.Ad-Hoc|ARM.ActiveCfg = Debug|Any CPU
		{6D21D4A3-A8FA-4B15-BA48-7F682A2384CD}.Ad-Hoc|ARM.Build.0 = Debug|Any CPU
		{6D21D4A3-A8FA-4B15-BA48-7F682A2384CD}.Ad-Hoc|iPhone.ActiveCfg = Debug|Any CPU
		{6D21D4A3-A8FA-4B15-BA48-7F682A2384CD}.Ad-Hoc|iPhone.Build.0 = Debug|Any CPU
		{6D21D4A3-A8FA-4B15-BA48-7F682A2384CD}.Ad-Hoc|iPhoneSimulator.ActiveCfg = Debug|Any CPU
		{6D21D4A3-A8FA-4B15-BA48-7F682A2384CD}.Ad-Hoc|iPhoneSimulator.Build.0 = Debug|Any CPU
		{6D21D4A3-A8FA-4B15-BA48-7F682A2384CD}.Ad-Hoc|x64.ActiveCfg = Debug|Any CPU
		{6D21D4A3-A8FA-4B15-BA48-7F682A2384CD}.Ad-Hoc|x64.Build.0 = Debug|Any CPU
		{6D21D4A3-A8FA-4B15-BA48-7F682A2384CD}.Ad-Hoc|x86.ActiveCfg = Debug|Any CPU
		{6D21D4A3-A8FA-4B15-BA48-7F682A2384CD}.Ad-Hoc|x86.Build.0 = Debug|Any CPU
		{6D21D4A3-A8FA-4B15-BA48-7F682A2384CD}.AppStore|Any CPU.ActiveCfg = Debug|Any CPU
		{6D21D4A3-A8FA-4B15-BA48-7F682A2384CD}.AppStore|Any CPU.Build.0 = Debug|Any CPU
		{6D21D4A3-A8FA-4B15-BA48-7F682A2384CD}.AppStore|ARM.ActiveCfg = Debug|Any CPU
		{6D21D4A3-A8FA-4B15-BA48-7F682A2384CD}.AppStore|ARM.Build.0 = Debug|Any CPU
		{6D21D4A3-A8FA-4B15-BA48-7F682A2384CD}.AppStore|iPhone.ActiveCfg = Debug|Any CPU
		{6D21D4A3-A8FA-4B15-BA48-7F682A2384CD}.AppStore|iPhone.Build.0 = Debug|Any CPU
		{6D21D4A3-A8FA-4B15-BA48-7F682A2384CD}.AppStore|iPhoneSimulator.ActiveCfg = Debug|Any CPU
		{6D21D4A3-A8FA-4B15-BA48-7F682A2384CD}.AppStore|iPhoneSimulator.Build.0 = Debug|Any CPU
		{6D21D4A3-A8FA-4B15-BA48-7F682A2384CD}.AppStore|x64.ActiveCfg = Debug|Any CPU
		{6D21D4A3-A8FA-4B15-BA48-7F682A2384CD}.AppStore|x64.Build.0 = Debug|Any CPU
		{6D21D4A3-A8FA-4B15-BA48-7F682A2384CD}.AppStore|x86.ActiveCfg = Debug|Any CPU
		{6D21D4A3-A8FA-4B15-BA48-7F682A2384CD}.AppStore|x86.Build.0 = Debug|Any CPU
		{6D21D4A3-A8FA-4B15-BA48-7F682A2384CD}.Debug|Any CPU.ActiveCfg = Debug|Any CPU
		{6D21D4A3-A8FA-4B15-BA48-7F682A2384CD}.Debug|Any CPU.Build.0 = Debug|Any CPU
		{6D21D4A3-A8FA-4B15-BA48-7F682A2384CD}.Debug|ARM.ActiveCfg = Debug|Any CPU
		{6D21D4A3-A8FA-4B15-BA48-7F682A2384CD}.Debug|ARM.Build.0 = Debug|Any CPU
		{6D21D4A3-A8FA-4B15-BA48-7F682A2384CD}.Debug|iPhone.ActiveCfg = Debug|Any CPU
		{6D21D4A3-A8FA-4B15-BA48-7F682A2384CD}.Debug|iPhone.Build.0 = Debug|Any CPU
		{6D21D4A3-A8FA-4B15-BA48-7F682A2384CD}.Debug|iPhoneSimulator.ActiveCfg = Debug|Any CPU
		{6D21D4A3-A8FA-4B15-BA48-7F682A2384CD}.Debug|iPhoneSimulator.Build.0 = Debug|Any CPU
		{6D21D4A3-A8FA-4B15-BA48-7F682A2384CD}.Debug|x64.ActiveCfg = Debug|Any CPU
		{6D21D4A3-A8FA-4B15-BA48-7F682A2384CD}.Debug|x64.Build.0 = Debug|Any CPU
		{6D21D4A3-A8FA-4B15-BA48-7F682A2384CD}.Debug|x86.ActiveCfg = Debug|Any CPU
		{6D21D4A3-A8FA-4B15-BA48-7F682A2384CD}.Debug|x86.Build.0 = Debug|Any CPU
		{6D21D4A3-A8FA-4B15-BA48-7F682A2384CD}.Release|Any CPU.ActiveCfg = Release|Any CPU
		{6D21D4A3-A8FA-4B15-BA48-7F682A2384CD}.Release|Any CPU.Build.0 = Release|Any CPU
		{6D21D4A3-A8FA-4B15-BA48-7F682A2384CD}.Release|ARM.ActiveCfg = Release|Any CPU
		{6D21D4A3-A8FA-4B15-BA48-7F682A2384CD}.Release|ARM.Build.0 = Release|Any CPU
		{6D21D4A3-A8FA-4B15-BA48-7F682A2384CD}.Release|iPhone.ActiveCfg = Release|Any CPU
		{6D21D4A3-A8FA-4B15-BA48-7F682A2384CD}.Release|iPhone.Build.0 = Release|Any CPU
		{6D21D4A3-A8FA-4B15-BA48-7F682A2384CD}.Release|iPhoneSimulator.ActiveCfg = Release|Any CPU
		{6D21D4A3-A8FA-4B15-BA48-7F682A2384CD}.Release|iPhoneSimulator.Build.0 = Release|Any CPU
		{6D21D4A3-A8FA-4B15-BA48-7F682A2384CD}.Release|x64.ActiveCfg = Release|Any CPU
		{6D21D4A3-A8FA-4B15-BA48-7F682A2384CD}.Release|x64.Build.0 = Release|Any CPU
		{6D21D4A3-A8FA-4B15-BA48-7F682A2384CD}.Release|x86.ActiveCfg = Release|Any CPU
		{6D21D4A3-A8FA-4B15-BA48-7F682A2384CD}.Release|x86.Build.0 = Release|Any CPU
		{502A7CED-A210-467A-8642-52538C0EE787}.Ad-Hoc|Any CPU.ActiveCfg = Debug|Any CPU
		{502A7CED-A210-467A-8642-52538C0EE787}.Ad-Hoc|Any CPU.Build.0 = Debug|Any CPU
		{502A7CED-A210-467A-8642-52538C0EE787}.Ad-Hoc|ARM.ActiveCfg = Debug|Any CPU
		{502A7CED-A210-467A-8642-52538C0EE787}.Ad-Hoc|ARM.Build.0 = Debug|Any CPU
		{502A7CED-A210-467A-8642-52538C0EE787}.Ad-Hoc|iPhone.ActiveCfg = Debug|Any CPU
		{502A7CED-A210-467A-8642-52538C0EE787}.Ad-Hoc|iPhone.Build.0 = Debug|Any CPU
		{502A7CED-A210-467A-8642-52538C0EE787}.Ad-Hoc|iPhoneSimulator.ActiveCfg = Debug|Any CPU
		{502A7CED-A210-467A-8642-52538C0EE787}.Ad-Hoc|iPhoneSimulator.Build.0 = Debug|Any CPU
		{502A7CED-A210-467A-8642-52538C0EE787}.Ad-Hoc|x64.ActiveCfg = Debug|Any CPU
		{502A7CED-A210-467A-8642-52538C0EE787}.Ad-Hoc|x64.Build.0 = Debug|Any CPU
		{502A7CED-A210-467A-8642-52538C0EE787}.Ad-Hoc|x86.ActiveCfg = Debug|Any CPU
		{502A7CED-A210-467A-8642-52538C0EE787}.Ad-Hoc|x86.Build.0 = Debug|Any CPU
		{502A7CED-A210-467A-8642-52538C0EE787}.AppStore|Any CPU.ActiveCfg = Debug|Any CPU
		{502A7CED-A210-467A-8642-52538C0EE787}.AppStore|Any CPU.Build.0 = Debug|Any CPU
		{502A7CED-A210-467A-8642-52538C0EE787}.AppStore|ARM.ActiveCfg = Debug|Any CPU
		{502A7CED-A210-467A-8642-52538C0EE787}.AppStore|ARM.Build.0 = Debug|Any CPU
		{502A7CED-A210-467A-8642-52538C0EE787}.AppStore|iPhone.ActiveCfg = Debug|Any CPU
		{502A7CED-A210-467A-8642-52538C0EE787}.AppStore|iPhone.Build.0 = Debug|Any CPU
		{502A7CED-A210-467A-8642-52538C0EE787}.AppStore|iPhoneSimulator.ActiveCfg = Debug|Any CPU
		{502A7CED-A210-467A-8642-52538C0EE787}.AppStore|iPhoneSimulator.Build.0 = Debug|Any CPU
		{502A7CED-A210-467A-8642-52538C0EE787}.AppStore|x64.ActiveCfg = Debug|Any CPU
		{502A7CED-A210-467A-8642-52538C0EE787}.AppStore|x64.Build.0 = Debug|Any CPU
		{502A7CED-A210-467A-8642-52538C0EE787}.AppStore|x86.ActiveCfg = Debug|Any CPU
		{502A7CED-A210-467A-8642-52538C0EE787}.AppStore|x86.Build.0 = Debug|Any CPU
		{502A7CED-A210-467A-8642-52538C0EE787}.Debug|Any CPU.ActiveCfg = Debug|Any CPU
		{502A7CED-A210-467A-8642-52538C0EE787}.Debug|Any CPU.Build.0 = Debug|Any CPU
		{502A7CED-A210-467A-8642-52538C0EE787}.Debug|ARM.ActiveCfg = Debug|Any CPU
		{502A7CED-A210-467A-8642-52538C0EE787}.Debug|ARM.Build.0 = Debug|Any CPU
		{502A7CED-A210-467A-8642-52538C0EE787}.Debug|iPhone.ActiveCfg = Debug|Any CPU
		{502A7CED-A210-467A-8642-52538C0EE787}.Debug|iPhone.Build.0 = Debug|Any CPU
		{502A7CED-A210-467A-8642-52538C0EE787}.Debug|iPhoneSimulator.ActiveCfg = Debug|Any CPU
		{502A7CED-A210-467A-8642-52538C0EE787}.Debug|iPhoneSimulator.Build.0 = Debug|Any CPU
		{502A7CED-A210-467A-8642-52538C0EE787}.Debug|x64.ActiveCfg = Debug|Any CPU
		{502A7CED-A210-467A-8642-52538C0EE787}.Debug|x64.Build.0 = Debug|Any CPU
		{502A7CED-A210-467A-8642-52538C0EE787}.Debug|x86.ActiveCfg = Debug|Any CPU
		{502A7CED-A210-467A-8642-52538C0EE787}.Debug|x86.Build.0 = Debug|Any CPU
		{502A7CED-A210-467A-8642-52538C0EE787}.Release|Any CPU.ActiveCfg = Release|Any CPU
		{502A7CED-A210-467A-8642-52538C0EE787}.Release|Any CPU.Build.0 = Release|Any CPU
		{502A7CED-A210-467A-8642-52538C0EE787}.Release|ARM.ActiveCfg = Release|Any CPU
		{502A7CED-A210-467A-8642-52538C0EE787}.Release|ARM.Build.0 = Release|Any CPU
		{502A7CED-A210-467A-8642-52538C0EE787}.Release|iPhone.ActiveCfg = Release|Any CPU
		{502A7CED-A210-467A-8642-52538C0EE787}.Release|iPhone.Build.0 = Release|Any CPU
		{502A7CED-A210-467A-8642-52538C0EE787}.Release|iPhoneSimulator.ActiveCfg = Release|Any CPU
		{502A7CED-A210-467A-8642-52538C0EE787}.Release|iPhoneSimulator.Build.0 = Release|Any CPU
		{502A7CED-A210-467A-8642-52538C0EE787}.Release|x64.ActiveCfg = Release|Any CPU
		{502A7CED-A210-467A-8642-52538C0EE787}.Release|x64.Build.0 = Release|Any CPU
		{502A7CED-A210-467A-8642-52538C0EE787}.Release|x86.ActiveCfg = Release|Any CPU
		{502A7CED-A210-467A-8642-52538C0EE787}.Release|x86.Build.0 = Release|Any CPU
		{7D532C2D-0405-4283-8D6A-CD845E932986}.Ad-Hoc|Any CPU.ActiveCfg = Debug|Any CPU
		{7D532C2D-0405-4283-8D6A-CD845E932986}.Ad-Hoc|Any CPU.Build.0 = Debug|Any CPU
		{7D532C2D-0405-4283-8D6A-CD845E932986}.Ad-Hoc|ARM.ActiveCfg = Debug|Any CPU
		{7D532C2D-0405-4283-8D6A-CD845E932986}.Ad-Hoc|ARM.Build.0 = Debug|Any CPU
		{7D532C2D-0405-4283-8D6A-CD845E932986}.Ad-Hoc|iPhone.ActiveCfg = Debug|Any CPU
		{7D532C2D-0405-4283-8D6A-CD845E932986}.Ad-Hoc|iPhone.Build.0 = Debug|Any CPU
		{7D532C2D-0405-4283-8D6A-CD845E932986}.Ad-Hoc|iPhoneSimulator.ActiveCfg = Debug|Any CPU
		{7D532C2D-0405-4283-8D6A-CD845E932986}.Ad-Hoc|iPhoneSimulator.Build.0 = Debug|Any CPU
		{7D532C2D-0405-4283-8D6A-CD845E932986}.Ad-Hoc|x64.ActiveCfg = Debug|Any CPU
		{7D532C2D-0405-4283-8D6A-CD845E932986}.Ad-Hoc|x64.Build.0 = Debug|Any CPU
		{7D532C2D-0405-4283-8D6A-CD845E932986}.Ad-Hoc|x86.ActiveCfg = Debug|Any CPU
		{7D532C2D-0405-4283-8D6A-CD845E932986}.Ad-Hoc|x86.Build.0 = Debug|Any CPU
		{7D532C2D-0405-4283-8D6A-CD845E932986}.AppStore|Any CPU.ActiveCfg = Debug|Any CPU
		{7D532C2D-0405-4283-8D6A-CD845E932986}.AppStore|Any CPU.Build.0 = Debug|Any CPU
		{7D532C2D-0405-4283-8D6A-CD845E932986}.AppStore|ARM.ActiveCfg = Debug|Any CPU
		{7D532C2D-0405-4283-8D6A-CD845E932986}.AppStore|ARM.Build.0 = Debug|Any CPU
		{7D532C2D-0405-4283-8D6A-CD845E932986}.AppStore|iPhone.ActiveCfg = Debug|Any CPU
		{7D532C2D-0405-4283-8D6A-CD845E932986}.AppStore|iPhone.Build.0 = Debug|Any CPU
		{7D532C2D-0405-4283-8D6A-CD845E932986}.AppStore|iPhoneSimulator.ActiveCfg = Debug|Any CPU
		{7D532C2D-0405-4283-8D6A-CD845E932986}.AppStore|iPhoneSimulator.Build.0 = Debug|Any CPU
		{7D532C2D-0405-4283-8D6A-CD845E932986}.AppStore|x64.ActiveCfg = Debug|Any CPU
		{7D532C2D-0405-4283-8D6A-CD845E932986}.AppStore|x64.Build.0 = Debug|Any CPU
		{7D532C2D-0405-4283-8D6A-CD845E932986}.AppStore|x86.ActiveCfg = Debug|Any CPU
		{7D532C2D-0405-4283-8D6A-CD845E932986}.AppStore|x86.Build.0 = Debug|Any CPU
		{7D532C2D-0405-4283-8D6A-CD845E932986}.Debug|Any CPU.ActiveCfg = Debug|Any CPU
		{7D532C2D-0405-4283-8D6A-CD845E932986}.Debug|Any CPU.Build.0 = Debug|Any CPU
		{7D532C2D-0405-4283-8D6A-CD845E932986}.Debug|ARM.ActiveCfg = Debug|Any CPU
		{7D532C2D-0405-4283-8D6A-CD845E932986}.Debug|ARM.Build.0 = Debug|Any CPU
		{7D532C2D-0405-4283-8D6A-CD845E932986}.Debug|iPhone.ActiveCfg = Debug|Any CPU
		{7D532C2D-0405-4283-8D6A-CD845E932986}.Debug|iPhone.Build.0 = Debug|Any CPU
		{7D532C2D-0405-4283-8D6A-CD845E932986}.Debug|iPhoneSimulator.ActiveCfg = Debug|Any CPU
		{7D532C2D-0405-4283-8D6A-CD845E932986}.Debug|iPhoneSimulator.Build.0 = Debug|Any CPU
		{7D532C2D-0405-4283-8D6A-CD845E932986}.Debug|x64.ActiveCfg = Debug|Any CPU
		{7D532C2D-0405-4283-8D6A-CD845E932986}.Debug|x64.Build.0 = Debug|Any CPU
		{7D532C2D-0405-4283-8D6A-CD845E932986}.Debug|x86.ActiveCfg = Debug|Any CPU
		{7D532C2D-0405-4283-8D6A-CD845E932986}.Debug|x86.Build.0 = Debug|Any CPU
		{7D532C2D-0405-4283-8D6A-CD845E932986}.Release|Any CPU.ActiveCfg = Release|Any CPU
		{7D532C2D-0405-4283-8D6A-CD845E932986}.Release|Any CPU.Build.0 = Release|Any CPU
		{7D532C2D-0405-4283-8D6A-CD845E932986}.Release|ARM.ActiveCfg = Release|Any CPU
		{7D532C2D-0405-4283-8D6A-CD845E932986}.Release|ARM.Build.0 = Release|Any CPU
		{7D532C2D-0405-4283-8D6A-CD845E932986}.Release|iPhone.ActiveCfg = Release|Any CPU
		{7D532C2D-0405-4283-8D6A-CD845E932986}.Release|iPhone.Build.0 = Release|Any CPU
		{7D532C2D-0405-4283-8D6A-CD845E932986}.Release|iPhoneSimulator.ActiveCfg = Release|Any CPU
		{7D532C2D-0405-4283-8D6A-CD845E932986}.Release|iPhoneSimulator.Build.0 = Release|Any CPU
		{7D532C2D-0405-4283-8D6A-CD845E932986}.Release|x64.ActiveCfg = Release|Any CPU
		{7D532C2D-0405-4283-8D6A-CD845E932986}.Release|x64.Build.0 = Release|Any CPU
		{7D532C2D-0405-4283-8D6A-CD845E932986}.Release|x86.ActiveCfg = Release|Any CPU
		{7D532C2D-0405-4283-8D6A-CD845E932986}.Release|x86.Build.0 = Release|Any CPU
	EndGlobalSection
	GlobalSection(SolutionProperties) = preSolution
		HideSolutionNode = FALSE
	EndGlobalSection
	GlobalSection(ExtensibilityGlobals) = postSolution
		SolutionGuid = {DB548A89-BAD3-475C-AA9B-7D718C900EDF}
	EndGlobalSection
EndGlobal
